
Microsoft Visual Studio Solution File, Format Version 12.00
# Visual Studio Version 17
VisualStudioVersion = 17.0.31903.59
MinimumVisualStudioVersion = 10.0.40219.1
Project("{2150E333-8FDC-42A3-9474-1A3956D46DE8}") = "src", "src", "{827E0CD3-B72D-47B6-A68D-7590B98EB39B}"
EndProject
Project("{FAE04EC0-301F-11D3-BF4B-00C04F79EFBC}") = "Domain", "src\Domain\Domain.csproj", "{1E2ED722-2B00-40A2-8EB9-0132998C8CFF}"
EndProject
Project("{FAE04EC0-301F-11D3-BF4B-00C04F79EFBC}") = "Application", "src\Application\Application.csproj", "{60DBFD8B-12F3-479D-B8CD-1037D7D0042D}"
EndProject
Project("{FAE04EC0-301F-11D3-BF4B-00C04F79EFBC}") = "Infrastructure", "src\Infrastructure\Infrastructure.csproj", "{F3D6943E-F9D1-40A2-9C4F-92EAD9EF717F}"
EndProject
Project("{FAE04EC0-301F-11D3-BF4B-00C04F79EFBC}") = "Api", "src\Api\Api.csproj", "{A5466862-250F-45A0-9110-7E271EEA4B56}"
EndProject
Project("{2150E333-8FDC-42A3-9474-1A3956D46DE8}") = "Tests", "Tests", "{CEA09484-30F6-4D44-02F6-822E06DBC57C}"
EndProject
Project("{FAE04EC0-301F-11D3-BF4B-00C04F79EFBC}") = "UnitTests", "src\Tests\UnitTests\UnitTests.csproj", "{1378B97A-5474-4684-809B-E6E4B565BC81}"
EndProject
Project("{FAE04EC0-301F-11D3-BF4B-00C04F79EFBC}") = "IntegrationTests", "src\Tests\IntegrationTests\IntegrationTests.csproj", "{A676887E-DE4F-46D1-8B52-62242248BC4E}"
EndProject
Global
	GlobalSection(SolutionConfigurationPlatforms) = preSolution
		Debug|Any CPU = Debug|Any CPU
		Debug|x64 = Debug|x64
		Debug|x86 = Debug|x86
		Release|Any CPU = Release|Any CPU
		Release|x64 = Release|x64
		Release|x86 = Release|x86
	EndGlobalSection
	GlobalSection(ProjectConfigurationPlatforms) = postSolution
		{1E2ED722-2B00-40A2-8EB9-0132998C8CFF}.Debug|Any CPU.ActiveCfg = Debug|Any CPU
		{1E2ED722-2B00-40A2-8EB9-0132998C8CFF}.Debug|Any CPU.Build.0 = Debug|Any CPU
		{1E2ED722-2B00-40A2-8EB9-0132998C8CFF}.Debug|x64.ActiveCfg = Debug|Any CPU
		{1E2ED722-2B00-40A2-8EB9-0132998C8CFF}.Debug|x64.Build.0 = Debug|Any CPU
		{1E2ED722-2B00-40A2-8EB9-0132998C8CFF}.Debug|x86.ActiveCfg = Debug|Any CPU
		{1E2ED722-2B00-40A2-8EB9-0132998C8CFF}.Debug|x86.Build.0 = Debug|Any CPU
		{1E2ED722-2B00-40A2-8EB9-0132998C8CFF}.Release|Any CPU.ActiveCfg = Release|Any CPU
		{1E2ED722-2B00-40A2-8EB9-0132998C8CFF}.Release|Any CPU.Build.0 = Release|Any CPU
		{1E2ED722-2B00-40A2-8EB9-0132998C8CFF}.Release|x64.ActiveCfg = Release|Any CPU
		{1E2ED722-2B00-40A2-8EB9-0132998C8CFF}.Release|x64.Build.0 = Release|Any CPU
		{1E2ED722-2B00-40A2-8EB9-0132998C8CFF}.Release|x86.ActiveCfg = Release|Any CPU
		{1E2ED722-2B00-40A2-8EB9-0132998C8CFF}.Release|x86.Build.0 = Release|Any CPU
		{60DBFD8B-12F3-479D-B8CD-1037D7D0042D}.Debug|Any CPU.ActiveCfg = Debug|Any CPU
		{60DBFD8B-12F3-479D-B8CD-1037D7D0042D}.Debug|Any CPU.Build.0 = Debug|Any CPU
		{60DBFD8B-12F3-479D-B8CD-1037D7D0042D}.Debug|x64.ActiveCfg = Debug|Any CPU
		{60DBFD8B-12F3-479D-B8CD-1037D7D0042D}.Debug|x64.Build.0 = Debug|Any CPU
		{60DBFD8B-12F3-479D-B8CD-1037D7D0042D}.Debug|x86.ActiveCfg = Debug|Any CPU
		{60DBFD8B-12F3-479D-B8CD-1037D7D0042D}.Debug|x86.Build.0 = Debug|Any CPU
		{60DBFD8B-12F3-479D-B8CD-1037D7D0042D}.Release|Any CPU.ActiveCfg = Release|Any CPU
		{60DBFD8B-12F3-479D-B8CD-1037D7D0042D}.Release|Any CPU.Build.0 = Release|Any CPU
		{60DBFD8B-12F3-479D-B8CD-1037D7D0042D}.Release|x64.ActiveCfg = Release|Any CPU
		{60DBFD8B-12F3-479D-B8CD-1037D7D0042D}.Release|x64.Build.0 = Release|Any CPU
		{60DBFD8B-12F3-479D-B8CD-1037D7D0042D}.Release|x86.ActiveCfg = Release|Any CPU
		{60DBFD8B-12F3-479D-B8CD-1037D7D0042D}.Release|x86.Build.0 = Release|Any CPU
		{F3D6943E-F9D1-40A2-9C4F-92EAD9EF717F}.Debug|Any CPU.ActiveCfg = Debug|Any CPU
		{F3D6943E-F9D1-40A2-9C4F-92EAD9EF717F}.Debug|Any CPU.Build.0 = Debug|Any CPU
		{F3D6943E-F9D1-40A2-9C4F-92EAD9EF717F}.Debug|x64.ActiveCfg = Debug|Any CPU
		{F3D6943E-F9D1-40A2-9C4F-92EAD9EF717F}.Debug|x64.Build.0 = Debug|Any CPU
		{F3D6943E-F9D1-40A2-9C4F-92EAD9EF717F}.Debug|x86.ActiveCfg = Debug|Any CPU
		{F3D6943E-F9D1-40A2-9C4F-92EAD9EF717F}.Debug|x86.Build.0 = Debug|Any CPU
		{F3D6943E-F9D1-40A2-9C4F-92EAD9EF717F}.Release|Any CPU.ActiveCfg = Release|Any CPU
		{F3D6943E-F9D1-40A2-9C4F-92EAD9EF717F}.Release|Any CPU.Build.0 = Release|Any CPU
		{F3D6943E-F9D1-40A2-9C4F-92EAD9EF717F}.Release|x64.ActiveCfg = Release|Any CPU
		{F3D6943E-F9D1-40A2-9C4F-92EAD9EF717F}.Release|x64.Build.0 = Release|Any CPU
		{F3D6943E-F9D1-40A2-9C4F-92EAD9EF717F}.Release|x86.ActiveCfg = Release|Any CPU
		{F3D6943E-F9D1-40A2-9C4F-92EAD9EF717F}.Release|x86.Build.0 = Release|Any CPU
		{A5466862-250F-45A0-9110-7E271EEA4B56}.Debug|Any CPU.ActiveCfg = Debug|Any CPU
		{A5466862-250F-45A0-9110-7E271EEA4B56}.Debug|Any CPU.Build.0 = Debug|Any CPU
		{A5466862-250F-45A0-9110-7E271EEA4B56}.Debug|x64.ActiveCfg = Debug|Any CPU
		{A5466862-250F-45A0-9110-7E271EEA4B56}.Debug|x64.Build.0 = Debug|Any CPU
		{A5466862-250F-45A0-9110-7E271EEA4B56}.Debug|x86.ActiveCfg = Debug|Any CPU
		{A5466862-250F-45A0-9110-7E271EEA4B56}.Debug|x86.Build.0 = Debug|Any CPU
		{A5466862-250F-45A0-9110-7E271EEA4B56}.Release|Any CPU.ActiveCfg = Release|Any CPU
		{A5466862-250F-45A0-9110-7E271EEA4B56}.Release|Any CPU.Build.0 = Release|Any CPU
		{A5466862-250F-45A0-9110-7E271EEA4B56}.Release|x64.ActiveCfg = Release|Any CPU
		{A5466862-250F-45A0-9110-7E271EEA4B56}.Release|x64.Build.0 = Release|Any CPU
		{A5466862-250F-45A0-9110-7E271EEA4B56}.Release|x86.ActiveCfg = Release|Any CPU
		{A5466862-250F-45A0-9110-7E271EEA4B56}.Release|x86.Build.0 = Release|Any CPU
		{1378B97A-5474-4684-809B-E6E4B565BC81}.Debug|Any CPU.ActiveCfg = Debug|Any CPU
		{1378B97A-5474-4684-809B-E6E4B565BC81}.Debug|Any CPU.Build.0 = Debug|Any CPU
		{1378B97A-5474-4684-809B-E6E4B565BC81}.Debug|x64.ActiveCfg = Debug|Any CPU
		{1378B97A-5474-4684-809B-E6E4B565BC81}.Debug|x64.Build.0 = Debug|Any CPU
		{1378B97A-5474-4684-809B-E6E4B565BC81}.Debug|x86.ActiveCfg = Debug|Any CPU
		{1378B97A-5474-4684-809B-E6E4B565BC81}.Debug|x86.Build.0 = Debug|Any CPU
		{1378B97A-5474-4684-809B-E6E4B565BC81}.Release|Any CPU.ActiveCfg = Release|Any CPU
		{1378B97A-5474-4684-809B-E6E4B565BC81}.Release|Any CPU.Build.0 = Release|Any CPU
		{1378B97A-5474-4684-809B-E6E4B565BC81}.Release|x64.ActiveCfg = Release|Any CPU
		{1378B97A-5474-4684-809B-E6E4B565BC81}.Release|x64.Build.0 = Release|Any CPU
		{1378B97A-5474-4684-809B-E6E4B565BC81}.Release|x86.ActiveCfg = Release|Any CPU
		{1378B97A-5474-4684-809B-E6E4B565BC81}.Release|x86.Build.0 = Release|Any CPU
		{A676887E-DE4F-46D1-8B52-62242248BC4E}.Debug|Any CPU.ActiveCfg = Debug|Any CPU
		{A676887E-DE4F-46D1-8B52-62242248BC4E}.Debug|Any CPU.Build.0 = Debug|Any CPU
		{A676887E-DE4F-46D1-8B52-62242248BC4E}.Debug|x64.ActiveCfg = Debug|Any CPU
		{A676887E-DE4F-46D1-8B52-62242248BC4E}.Debug|x64.Build.0 = Debug|Any CPU
		{A676887E-DE4F-46D1-8B52-62242248BC4E}.Debug|x86.ActiveCfg = Debug|Any CPU
		{A676887E-DE4F-46D1-8B52-62242248BC4E}.Debug|x86.Build.0 = Debug|Any CPU
		{A676887E-DE4F-46D1-8B52-62242248BC4E}.Release|Any CPU.ActiveCfg = Release|Any CPU
		{A676887E-DE4F-46D1-8B52-62242248BC4E}.Release|Any CPU.Build.0 = Release|Any CPU
		{A676887E-DE4F-46D1-8B52-62242248BC4E}.Release|x64.ActiveCfg = Release|Any CPU
		{A676887E-DE4F-46D1-8B52-62242248BC4E}.Release|x64.Build.0 = Release|Any CPU
		{A676887E-DE4F-46D1-8B52-62242248BC4E}.Release|x86.ActiveCfg = Release|Any CPU
		{A676887E-DE4F-46D1-8B52-62242248BC4E}.Release|x86.Build.0 = Release|Any CPU
	EndGlobalSection
	GlobalSection(SolutionProperties) = preSolution
		HideSolutionNode = FALSE
	EndGlobalSection
	GlobalSection(NestedProjects) = preSolution
		{1E2ED722-2B00-40A2-8EB9-0132998C8CFF} = {827E0CD3-B72D-47B6-A68D-7590B98EB39B}
		{60DBFD8B-12F3-479D-B8CD-1037D7D0042D} = {827E0CD3-B72D-47B6-A68D-7590B98EB39B}
		{F3D6943E-F9D1-40A2-9C4F-92EAD9EF717F} = {827E0CD3-B72D-47B6-A68D-7590B98EB39B}
		{A5466862-250F-45A0-9110-7E271EEA4B56} = {827E0CD3-B72D-47B6-A68D-7590B98EB39B}
		{CEA09484-30F6-4D44-02F6-822E06DBC57C} = {827E0CD3-B72D-47B6-A68D-7590B98EB39B}
		{1378B97A-5474-4684-809B-E6E4B565BC81} = {CEA09484-30F6-4D44-02F6-822E06DBC57C}
		{A676887E-DE4F-46D1-8B52-62242248BC4E} = {CEA09484-30F6-4D44-02F6-822E06DBC57C}
	EndGlobalSection
EndGlobal
